
Microsoft Visual Studio Solution File, Format Version 12.00
# Visual Studio Version 16
VisualStudioVersion = 16.0.31205.134
MinimumVisualStudioVersion = 10.0.40219.1
Project("{2150E333-8FDC-42A3-9474-1A3956D46DE8}") = "Api", "Api", "{FDD6F67D-6FBE-47BF-8FBA-BAEA74EC119D}"
EndProject
Project("{2150E333-8FDC-42A3-9474-1A3956D46DE8}") = "Infrastructure", "Infrastructure", "{F80CA797-A4CA-4C02-9496-5518EAA9F03E}"
EndProject
Project("{2150E333-8FDC-42A3-9474-1A3956D46DE8}") = "Collector", "Collector", "{98EE018B-8036-483A-BACD-6FB1C3E8127E}"
EndProject
Project("{2150E333-8FDC-42A3-9474-1A3956D46DE8}") = "Handlers", "Handlers", "{E00D633C-F653-4FFB-AE0D-811CE4827DA7}"
EndProject
Project("{2150E333-8FDC-42A3-9474-1A3956D46DE8}") = "Solution Items", "Solution Items", "{EC9DE59C-48BD-493E-9EDB-549BCC310239}"
	ProjectSection(SolutionItems) = preProject
		.editorconfig = .editorconfig
		.gitignore = .gitignore
		global.json = global.json
	EndProjectSection
EndProject
Project("{9A19103F-16F7-4668-BE54-9A1E7A4F7556}") = "Cryptofolio.Infrastructure", "src\Cryptofolio.Infrastructure\Cryptofolio.Infrastructure.csproj", "{CD61234C-A011-4898-AA23-92BCEE327394}"
EndProject
Project("{9A19103F-16F7-4668-BE54-9A1E7A4F7556}") = "Cryptofolio.Collector.Job", "src\Cryptofolio.Collector.Job\Cryptofolio.Collector.Job.csproj", "{959A924C-B33D-46AA-B207-2D3FC76857E8}"
EndProject
Project("{9A19103F-16F7-4668-BE54-9A1E7A4F7556}") = "Cryptofolio.Infrastructure.Tests", "test\Cryptofolio.Infrastructure.Tests\Cryptofolio.Infrastructure.Tests.csproj", "{FE542C69-F183-4834-8764-0E113B45D436}"
EndProject
Project("{9A19103F-16F7-4668-BE54-9A1E7A4F7556}") = "Cryptofolio.Infrastructure.IntegrationTests", "test\Cryptofolio.Infrastructure.IntegrationTests\Cryptofolio.Infrastructure.IntegrationTests.csproj", "{9D92F72E-6284-4081-810B-AED5C625AECA}"
EndProject
Project("{9A19103F-16F7-4668-BE54-9A1E7A4F7556}") = "Cryptofolio.Collector.Job.IntegrationTests", "test\Cryptofolio.Collector.Job.IntegrationTests\Cryptofolio.Collector.Job.IntegrationTests.csproj", "{BB6050D2-7B0C-4BEC-B6FC-9129E2DFC8BC}"
EndProject
Project("{9A19103F-16F7-4668-BE54-9A1E7A4F7556}") = "Cryptofolio.Handlers.Job", "src\Cryptofolio.Handlers.Job\Cryptofolio.Handlers.Job.csproj", "{8FFA5080-B67E-4EBA-8A75-67467EBCFCE8}"
EndProject
Project("{FAE04EC0-301F-11D3-BF4B-00C04F79EFBC}") = "Cryptofolio.Handlers.Job.Tests", "test\Cryptofolio.Handlers.Job.Tests\Cryptofolio.Handlers.Job.Tests.csproj", "{04020BAB-775F-4B54-9C21-9A9DBA1E27EA}"
EndProject
Project("{FAE04EC0-301F-11D3-BF4B-00C04F79EFBC}") = "Cryptofolio.Handlers.Job.IntegrationTests", "test\Cryptofolio.Handlers.Job.IntegrationTests\Cryptofolio.Handlers.Job.IntegrationTests.csproj", "{D4F974C2-F442-4A0D-BDE3-1906486DC385}"
EndProject
Global
	GlobalSection(SolutionConfigurationPlatforms) = preSolution
		Debug|Any CPU = Debug|Any CPU
		Release|Any CPU = Release|Any CPU
	EndGlobalSection
	GlobalSection(ProjectConfigurationPlatforms) = postSolution
		{CD61234C-A011-4898-AA23-92BCEE327394}.Debug|Any CPU.ActiveCfg = Debug|Any CPU
		{CD61234C-A011-4898-AA23-92BCEE327394}.Debug|Any CPU.Build.0 = Debug|Any CPU
		{CD61234C-A011-4898-AA23-92BCEE327394}.Release|Any CPU.ActiveCfg = Release|Any CPU
		{CD61234C-A011-4898-AA23-92BCEE327394}.Release|Any CPU.Build.0 = Release|Any CPU
		{959A924C-B33D-46AA-B207-2D3FC76857E8}.Debug|Any CPU.ActiveCfg = Debug|Any CPU
		{959A924C-B33D-46AA-B207-2D3FC76857E8}.Debug|Any CPU.Build.0 = Debug|Any CPU
		{959A924C-B33D-46AA-B207-2D3FC76857E8}.Release|Any CPU.ActiveCfg = Release|Any CPU
		{959A924C-B33D-46AA-B207-2D3FC76857E8}.Release|Any CPU.Build.0 = Release|Any CPU
		{FE542C69-F183-4834-8764-0E113B45D436}.Debug|Any CPU.ActiveCfg = Debug|Any CPU
		{FE542C69-F183-4834-8764-0E113B45D436}.Debug|Any CPU.Build.0 = Debug|Any CPU
		{FE542C69-F183-4834-8764-0E113B45D436}.Release|Any CPU.ActiveCfg = Release|Any CPU
		{FE542C69-F183-4834-8764-0E113B45D436}.Release|Any CPU.Build.0 = Release|Any CPU
		{9D92F72E-6284-4081-810B-AED5C625AECA}.Debug|Any CPU.ActiveCfg = Debug|Any CPU
		{9D92F72E-6284-4081-810B-AED5C625AECA}.Debug|Any CPU.Build.0 = Debug|Any CPU
		{9D92F72E-6284-4081-810B-AED5C625AECA}.Release|Any CPU.ActiveCfg = Release|Any CPU
		{9D92F72E-6284-4081-810B-AED5C625AECA}.Release|Any CPU.Build.0 = Release|Any CPU
		{BB6050D2-7B0C-4BEC-B6FC-9129E2DFC8BC}.Debug|Any CPU.ActiveCfg = Debug|Any CPU
		{BB6050D2-7B0C-4BEC-B6FC-9129E2DFC8BC}.Debug|Any CPU.Build.0 = Debug|Any CPU
		{BB6050D2-7B0C-4BEC-B6FC-9129E2DFC8BC}.Release|Any CPU.ActiveCfg = Release|Any CPU
		{BB6050D2-7B0C-4BEC-B6FC-9129E2DFC8BC}.Release|Any CPU.Build.0 = Release|Any CPU
		{8FFA5080-B67E-4EBA-8A75-67467EBCFCE8}.Debug|Any CPU.ActiveCfg = Debug|Any CPU
		{8FFA5080-B67E-4EBA-8A75-67467EBCFCE8}.Debug|Any CPU.Build.0 = Debug|Any CPU
		{8FFA5080-B67E-4EBA-8A75-67467EBCFCE8}.Release|Any CPU.ActiveCfg = Release|Any CPU
		{8FFA5080-B67E-4EBA-8A75-67467EBCFCE8}.Release|Any CPU.Build.0 = Release|Any CPU
		{04020BAB-775F-4B54-9C21-9A9DBA1E27EA}.Debug|Any CPU.ActiveCfg = Debug|Any CPU
		{04020BAB-775F-4B54-9C21-9A9DBA1E27EA}.Debug|Any CPU.Build.0 = Debug|Any CPU
		{04020BAB-775F-4B54-9C21-9A9DBA1E27EA}.Release|Any CPU.ActiveCfg = Release|Any CPU
		{04020BAB-775F-4B54-9C21-9A9DBA1E27EA}.Release|Any CPU.Build.0 = Release|Any CPU
		{D4F974C2-F442-4A0D-BDE3-1906486DC385}.Debug|Any CPU.ActiveCfg = Debug|Any CPU
		{D4F974C2-F442-4A0D-BDE3-1906486DC385}.Debug|Any CPU.Build.0 = Debug|Any CPU
		{D4F974C2-F442-4A0D-BDE3-1906486DC385}.Release|Any CPU.ActiveCfg = Release|Any CPU
		{D4F974C2-F442-4A0D-BDE3-1906486DC385}.Release|Any CPU.Build.0 = Release|Any CPU
	EndGlobalSection
	GlobalSection(SolutionProperties) = preSolution
		HideSolutionNode = FALSE
	EndGlobalSection
	GlobalSection(NestedProjects) = preSolution
		{CD61234C-A011-4898-AA23-92BCEE327394} = {F80CA797-A4CA-4C02-9496-5518EAA9F03E}
		{959A924C-B33D-46AA-B207-2D3FC76857E8} = {98EE018B-8036-483A-BACD-6FB1C3E8127E}
		{FE542C69-F183-4834-8764-0E113B45D436} = {F80CA797-A4CA-4C02-9496-5518EAA9F03E}
		{9D92F72E-6284-4081-810B-AED5C625AECA} = {F80CA797-A4CA-4C02-9496-5518EAA9F03E}
		{BB6050D2-7B0C-4BEC-B6FC-9129E2DFC8BC} = {98EE018B-8036-483A-BACD-6FB1C3E8127E}
		{8FFA5080-B67E-4EBA-8A75-67467EBCFCE8} = {E00D633C-F653-4FFB-AE0D-811CE4827DA7}
		{04020BAB-775F-4B54-9C21-9A9DBA1E27EA} = {E00D633C-F653-4FFB-AE0D-811CE4827DA7}
		{D4F974C2-F442-4A0D-BDE3-1906486DC385} = {E00D633C-F653-4FFB-AE0D-811CE4827DA7}
	EndGlobalSection
	GlobalSection(ExtensibilityGlobals) = postSolution
		SolutionGuid = {7F9B8C09-ECC1-413C-92A4-58299272789F}
	EndGlobalSection
EndGlobal
